
Microsoft Visual Studio Solution File, Format Version 12.00
# Visual Studio Version 17
VisualStudioVersion = 17.7.34031.279
MinimumVisualStudioVersion = 10.0.40219.1
Project("{8BC9CEB8-8B4A-11D0-8D11-00A0C91BC942}") = "BAI090", "BAI090\BAI090.vcxproj", "{35238877-6898-418F-9A86-8DFA28B928FF}"
EndProject
Project("{8BC9CEB8-8B4A-11D0-8D11-00A0C91BC942}") = "BAI091", "BAI091\BAI091.vcxproj", "{317DBA6C-C724-4DAD-9145-A5D9E58E929A}"
EndProject
Project("{8BC9CEB8-8B4A-11D0-8D11-00A0C91BC942}") = "BAI092", "BAI092\BAI092.vcxproj", "{EBF553CD-C2E9-45D2-9D54-C570BCE27AB2}"
EndProject
Project("{8BC9CEB8-8B4A-11D0-8D11-00A0C91BC942}") = "BAI093", "BAI093\BAI093.vcxproj", "{A11B47CF-56A1-43FC-AB92-29001BE3C1CC}"
EndProject
Project("{8BC9CEB8-8B4A-11D0-8D11-00A0C91BC942}") = "BAI094", "BAI094\BAI094.vcxproj", "{5F161259-CF88-474F-A05B-2A4E56994621}"
EndProject
Project("{8BC9CEB8-8B4A-11D0-8D11-00A0C91BC942}") = "BAI095", "BAI095\BAI095.vcxproj", "{9D02BB3D-463A-495A-8BA2-ED2A9A4A2AC5}"
EndProject
Project("{8BC9CEB8-8B4A-11D0-8D11-00A0C91BC942}") = "BAI096", "BAI096\BAI096.vcxproj", "{0A47D668-DBC0-48B4-93EF-4BB618DAC07F}"
EndProject
Project("{8BC9CEB8-8B4A-11D0-8D11-00A0C91BC942}") = "BAI097", "BAI097\BAI097.vcxproj", "{F0F594AC-93A5-41D5-8F8D-41E769B583E1}"
EndProject
Project("{8BC9CEB8-8B4A-11D0-8D11-00A0C91BC942}") = "BAI098", "BAI098\BAI098.vcxproj", "{B68E335E-DC28-4610-849B-A100F34D400A}"
EndProject
Project("{8BC9CEB8-8B4A-11D0-8D11-00A0C91BC942}") = "BAI099", "BAI099\BAI099.vcxproj", "{7AD1D2B8-FA27-4E28-9599-F4525BA0C7F4}"
EndProject
Project("{8BC9CEB8-8B4A-11D0-8D11-00A0C91BC942}") = "BAI100", "BAI100\BAI100.vcxproj", "{93F54F95-CC4C-4214-858C-AB9DE2755501}"
EndProject
Project("{8BC9CEB8-8B4A-11D0-8D11-00A0C91BC942}") = "BAI101", "BAI101\BAI101.vcxproj", "{9E908A37-23F5-421E-BA0E-592D52B0CBEE}"
EndProject
Project("{8BC9CEB8-8B4A-11D0-8D11-00A0C91BC942}") = "BAI102", "BAI102\BAI102.vcxproj", "{D1A4A914-40F8-4F3F-83BB-14A1E6288F33}"
EndProject
Project("{8BC9CEB8-8B4A-11D0-8D11-00A0C91BC942}") = "BAI103", "BAI103\BAI103.vcxproj", "{D0A46E7E-F489-4BEA-AC16-3A8CB1599798}"
EndProject
Project("{8BC9CEB8-8B4A-11D0-8D11-00A0C91BC942}") = "BAI104", "BAI104\BAI104.vcxproj", "{259B2089-58F1-40DB-9B2F-FF9EA33C022C}"
EndProject
Project("{8BC9CEB8-8B4A-11D0-8D11-00A0C91BC942}") = "BAI105", "BAI105\BAI105.vcxproj", "{D8424A83-59CF-4FAA-8E91-9C9BF21316DC}"
EndProject
Project("{8BC9CEB8-8B4A-11D0-8D11-00A0C91BC942}") = "BAI106", "BAI106\BAI106.vcxproj", "{57A602F5-BFA8-4960-809E-3A15849A83DE}"
EndProject
Project("{8BC9CEB8-8B4A-11D0-8D11-00A0C91BC942}") = "BAI107", "BAI107\BAI107.vcxproj", "{7432F2BB-1F66-4779-AA90-66DB85D026A1}"
EndProject
Project("{8BC9CEB8-8B4A-11D0-8D11-00A0C91BC942}") = "BAI109", "BAI109\BAI109.vcxproj", "{BDBC51DD-41CB-4515-9D8E-B700E17F87BE}"
EndProject
Project("{8BC9CEB8-8B4A-11D0-8D11-00A0C91BC942}") = "BAI108", "BAI108\BAI108.vcxproj", "{7636AF13-785B-4B89-92DF-45275F3DD368}"
EndProject
Project("{8BC9CEB8-8B4A-11D0-8D11-00A0C91BC942}") = "BAI110", "BAI110\BAI110.vcxproj", "{61C6972A-C51E-4081-9852-4E34E63A71AF}"
EndProject
Project("{8BC9CEB8-8B4A-11D0-8D11-00A0C91BC942}") = "BAI111", "BAI111\BAI111.vcxproj", "{500DE637-369A-43AF-AADC-B948E94DFAEA}"
EndProject
Project("{8BC9CEB8-8B4A-11D0-8D11-00A0C91BC942}") = "BAI112", "BAI112\BAI112.vcxproj", "{8440A6C8-DA94-4B69-8B03-D4861856DFB9}"
EndProject
Project("{8BC9CEB8-8B4A-11D0-8D11-00A0C91BC942}") = "BAI113", "BAI113\BAI113.vcxproj", "{9636C202-38E5-46DB-85AB-CD55D344CB1E}"
EndProject
Project("{8BC9CEB8-8B4A-11D0-8D11-00A0C91BC942}") = "BAI114", "BAI114\BAI114.vcxproj", "{8491F7A7-7E64-4A49-ADA9-AB667D1DA5CD}"
EndProject
Project("{8BC9CEB8-8B4A-11D0-8D11-00A0C91BC942}") = "BAI115", "BAI115\BAI115.vcxproj", "{13666EBD-50A9-48DF-B047-AABC5B6C07ED}"
EndProject
Project("{8BC9CEB8-8B4A-11D0-8D11-00A0C91BC942}") = "BAI116", "BAI116\BAI116.vcxproj", "{B1E47F35-19D9-4B35-9CD7-A36E028ACA61}"
EndProject
Project("{8BC9CEB8-8B4A-11D0-8D11-00A0C91BC942}") = "BAI117", "BAI117\BAI117.vcxproj", "{2155603D-1137-4DEC-B758-C2FFAA905798}"
EndProject
Project("{8BC9CEB8-8B4A-11D0-8D11-00A0C91BC942}") = "BAI118", "BAI118\BAI118.vcxproj", "{B862A657-992D-4285-A0B0-B0419E779DF2}"
EndProject
Project("{8BC9CEB8-8B4A-11D0-8D11-00A0C91BC942}") = "BAI119", "BAI119\BAI119.vcxproj", "{3BDE6AE7-9805-431A-95B7-8B1C0133787E}"
EndProject
Project("{8BC9CEB8-8B4A-11D0-8D11-00A0C91BC942}") = "BAI120", "BAI120\BAI120.vcxproj", "{BAFA38EC-F817-421D-990F-6B2738C48F96}"
EndProject
Project("{8BC9CEB8-8B4A-11D0-8D11-00A0C91BC942}") = "BAI121", "BAI121\BAI121.vcxproj", "{F4FA097E-4CC0-4E2B-8469-E2D467DB8F49}"
EndProject
Project("{8BC9CEB8-8B4A-11D0-8D11-00A0C91BC942}") = "BAI122", "BAI122\BAI122.vcxproj", "{B8CD1D04-31DD-4410-9855-256AC81306DD}"
EndProject
Project("{8BC9CEB8-8B4A-11D0-8D11-00A0C91BC942}") = "BAI123", "BAI123\BAI123.vcxproj", "{1A93A53F-2D70-40D6-ABED-8BFCF4E3287D}"
EndProject
Project("{8BC9CEB8-8B4A-11D0-8D11-00A0C91BC942}") = "BAI124", "BAI124\BAI124.vcxproj", "{9C7BE569-0A3E-468D-83FD-34056C9BED7C}"
EndProject
Project("{8BC9CEB8-8B4A-11D0-8D11-00A0C91BC942}") = "BAI125", "BAI125\BAI125.vcxproj", "{9AF9E364-F220-439F-BEC0-810E5CB942E9}"
EndProject
Project("{8BC9CEB8-8B4A-11D0-8D11-00A0C91BC942}") = "BAI126", "BAI126\BAI126.vcxproj", "{CC4B6A0C-8AA7-4766-8642-F405B706CD6B}"
EndProject
Project("{8BC9CEB8-8B4A-11D0-8D11-00A0C91BC942}") = "BAI127", "BAI127\BAI127.vcxproj", "{D641704B-C73D-4E93-B6DE-D020784BD6AB}"
EndProject
Project("{8BC9CEB8-8B4A-11D0-8D11-00A0C91BC942}") = "BAI129", "BAI129\BAI129.vcxproj", "{A9196195-D9F2-461C-8EDF-C5393F908102}"
EndProject
Project("{8BC9CEB8-8B4A-11D0-8D11-00A0C91BC942}") = "BAI128", "BAI128\BAI128.vcxproj", "{841A00E2-8818-4FA8-BC13-D5140300B9AE}"
EndProject
Project("{8BC9CEB8-8B4A-11D0-8D11-00A0C91BC942}") = "BAI130", "BAI130\BAI130.vcxproj", "{AB4DC27C-D0AE-44B0-B964-7BF9373F6469}"
EndProject
Project("{8BC9CEB8-8B4A-11D0-8D11-00A0C91BC942}") = "BAI131", "BAI131\BAI131.vcxproj", "{961D24AE-EF7A-475B-9A49-3B4E73F3C884}"
EndProject
Project("{8BC9CEB8-8B4A-11D0-8D11-00A0C91BC942}") = "BAI132", "BAI132\BAI132.vcxproj", "{F6D829C1-2F91-4853-BAE6-7B4DC2996821}"
EndProject
Project("{8BC9CEB8-8B4A-11D0-8D11-00A0C91BC942}") = "BAI133", "BAI133\BAI133.vcxproj", "{3680CA33-7142-4CF8-AF0A-4B0843A1AF13}"
EndProject
Project("{8BC9CEB8-8B4A-11D0-8D11-00A0C91BC942}") = "BAI134", "BAI134\BAI134.vcxproj", "{CCE7B79D-3290-4439-BB4A-FB43E6789353}"
EndProject
Project("{8BC9CEB8-8B4A-11D0-8D11-00A0C91BC942}") = "BAI135", "BAI135\BAI135.vcxproj", "{C5583DC7-A2B4-4976-9362-5AD316C05A16}"
EndProject
Project("{8BC9CEB8-8B4A-11D0-8D11-00A0C91BC942}") = "BAI136", "BAI136\BAI136.vcxproj", "{EBFFAC1D-B64A-4DAD-81D0-D1FD213AADF5}"
EndProject
Project("{8BC9CEB8-8B4A-11D0-8D11-00A0C91BC942}") = "BAI137", "BAI137\BAI137.vcxproj", "{8F9D074E-84FC-4ECE-949B-2A2D19AA8FAD}"
EndProject
Project("{8BC9CEB8-8B4A-11D0-8D11-00A0C91BC942}") = "BAI138", "BAI138\BAI138.vcxproj", "{6EB1E273-254B-4A12-B979-ABDC7486E01A}"
EndProject
Project("{8BC9CEB8-8B4A-11D0-8D11-00A0C91BC942}") = "BAI139", "BAI139\BAI139.vcxproj", "{5560E959-2E73-4C46-9FD0-230D68095DC7}"
EndProject
Project("{8BC9CEB8-8B4A-11D0-8D11-00A0C91BC942}") = "BAI140", "BAI140\BAI140.vcxproj", "{98523835-0A0D-43B8-A264-BD23B89C38B7}"
EndProject
Project("{8BC9CEB8-8B4A-11D0-8D11-00A0C91BC942}") = "BAI141", "BAI141\BAI141.vcxproj", "{B4472D90-FAE6-4E43-930F-A0E07E9AC02D}"
EndProject
Project("{8BC9CEB8-8B4A-11D0-8D11-00A0C91BC942}") = "BAI142", "BAI142\BAI142.vcxproj", "{CD0D66B7-961C-4203-923E-9005E17A31A2}"
EndProject
Project("{8BC9CEB8-8B4A-11D0-8D11-00A0C91BC942}") = "BAI143", "BAI143\BAI143.vcxproj", "{5F05FB7E-1D07-47C4-99C3-2DA51D399F5A}"
EndProject
Project("{8BC9CEB8-8B4A-11D0-8D11-00A0C91BC942}") = "BAI144", "BAI144\BAI144.vcxproj", "{DDF52568-A736-46E6-BC08-3136E6AFD4B4}"
EndProject
Project("{8BC9CEB8-8B4A-11D0-8D11-00A0C91BC942}") = "BAI145", "BAI145\BAI145.vcxproj", "{346472F6-5503-4619-8582-3E37BBC2A9BF}"
EndProject
Project("{8BC9CEB8-8B4A-11D0-8D11-00A0C91BC942}") = "BAI146", "BAI146\BAI146.vcxproj", "{0E7134F3-1154-42B9-9101-292C1212F858}"
EndProject
Project("{8BC9CEB8-8B4A-11D0-8D11-00A0C91BC942}") = "BAI147", "BAI147\BAI147.vcxproj", "{E48A7809-D47B-41FB-9AF3-385E50EDC33F}"
EndProject
Project("{8BC9CEB8-8B4A-11D0-8D11-00A0C91BC942}") = "BAI148", "BAI148\BAI148.vcxproj", "{0FBE37CB-DFDA-434B-9F27-6A90FE08E9B9}"
EndProject
Project("{8BC9CEB8-8B4A-11D0-8D11-00A0C91BC942}") = "BAI149", "BAI149\BAI149.vcxproj", "{41EEE1AA-E9CC-411B-B58B-C0C7F189DF75}"
EndProject
Project("{8BC9CEB8-8B4A-11D0-8D11-00A0C91BC942}") = "BAI150", "BAI150\BAI150.vcxproj", "{BC5E25CE-2254-4EEF-8BDC-41212C26E2EE}"
EndProject
Project("{8BC9CEB8-8B4A-11D0-8D11-00A0C91BC942}") = "BAI151", "BAI151\BAI151.vcxproj", "{5A3836FC-5C72-4032-8528-E44863D14FEC}"
EndProject
Project("{8BC9CEB8-8B4A-11D0-8D11-00A0C91BC942}") = "BAI152", "BAI152\BAI152.vcxproj", "{887441FA-1EA7-4F09-9499-10C82C439F52}"
EndProject
Project("{8BC9CEB8-8B4A-11D0-8D11-00A0C91BC942}") = "BAI153", "BAI153\BAI153.vcxproj", "{D3F45CB6-BDD2-48FB-B3C8-65BCC9261E80}"
EndProject
Project("{8BC9CEB8-8B4A-11D0-8D11-00A0C91BC942}") = "BAI154", "BAI154\BAI154.vcxproj", "{2A605244-C8DE-4A25-B5E2-5F251F1FA352}"
EndProject
Project("{8BC9CEB8-8B4A-11D0-8D11-00A0C91BC942}") = "BAI155", "BAI155\BAI155.vcxproj", "{0D3CE602-10B6-4CD4-BC36-54AEC138C428}"
EndProject
Project("{8BC9CEB8-8B4A-11D0-8D11-00A0C91BC942}") = "BAI156", "BAI156\BAI156.vcxproj", "{745A2FDB-74C1-42A9-9905-7B5AC40153EF}"
EndProject
Project("{8BC9CEB8-8B4A-11D0-8D11-00A0C91BC942}") = "BAI157", "BAI157\BAI157.vcxproj", "{3B7B80F1-16F6-4296-887C-676850713B22}"
EndProject
Project("{8BC9CEB8-8B4A-11D0-8D11-00A0C91BC942}") = "BAI158", "BAI158\BAI158.vcxproj", "{9FFACF82-AC0E-4DCB-9FC3-3E747CAD8B5B}"
EndProject
Project("{8BC9CEB8-8B4A-11D0-8D11-00A0C91BC942}") = "BAI159", "BAI159\BAI159.vcxproj", "{5EE3D4D4-6551-42E5-8B7C-CD60DEF7A0F1}"
EndProject
Project("{8BC9CEB8-8B4A-11D0-8D11-00A0C91BC942}") = "BAI160", "BAI160\BAI160.vcxproj", "{B226958A-45FE-4619-A693-551ADE6A6502}"
EndProject
Project("{8BC9CEB8-8B4A-11D0-8D11-00A0C91BC942}") = "BAI161", "BAI161\BAI161.vcxproj", "{29FC0869-2414-4CB7-A545-4537FB8CC154}"
EndProject
Project("{8BC9CEB8-8B4A-11D0-8D11-00A0C91BC942}") = "BAI162", "BAI162\BAI162.vcxproj", "{A772A168-0717-4A78-BF1F-569AC2382F31}"
EndProject
Project("{8BC9CEB8-8B4A-11D0-8D11-00A0C91BC942}") = "BAI163", "BAI163\BAI163.vcxproj", "{ED37EA20-61C2-41FD-A774-A431E985039F}"
EndProject
Project("{8BC9CEB8-8B4A-11D0-8D11-00A0C91BC942}") = "BAI164", "BAI164\BAI164.vcxproj", "{746E93BB-29EF-478A-90C5-FC763835FE07}"
EndProject
Project("{8BC9CEB8-8B4A-11D0-8D11-00A0C91BC942}") = "BAI165", "BAI165\BAI165.vcxproj", "{6C2F3C44-4C79-49BD-919A-B9A5E5CDE7D7}"
EndProject
Project("{8BC9CEB8-8B4A-11D0-8D11-00A0C91BC942}") = "BAI166", "BAI166\BAI166.vcxproj", "{A03E6E85-B66A-4710-B704-8C9990090804}"
EndProject
Project("{8BC9CEB8-8B4A-11D0-8D11-00A0C91BC942}") = "BAI167", "BAI167\BAI167.vcxproj", "{63BA3FF1-F2A3-486F-9ACA-ECD90CE12272}"
EndProject
Global
	GlobalSection(SolutionConfigurationPlatforms) = preSolution
		Debug|x64 = Debug|x64
		Debug|x86 = Debug|x86
		Release|x64 = Release|x64
		Release|x86 = Release|x86
	EndGlobalSection
	GlobalSection(ProjectConfigurationPlatforms) = postSolution
		{35238877-6898-418F-9A86-8DFA28B928FF}.Debug|x64.ActiveCfg = Debug|x64
		{35238877-6898-418F-9A86-8DFA28B928FF}.Debug|x64.Build.0 = Debug|x64
		{35238877-6898-418F-9A86-8DFA28B928FF}.Debug|x86.ActiveCfg = Debug|Win32
		{35238877-6898-418F-9A86-8DFA28B928FF}.Debug|x86.Build.0 = Debug|Win32
		{35238877-6898-418F-9A86-8DFA28B928FF}.Release|x64.ActiveCfg = Release|x64
		{35238877-6898-418F-9A86-8DFA28B928FF}.Release|x64.Build.0 = Release|x64
		{35238877-6898-418F-9A86-8DFA28B928FF}.Release|x86.ActiveCfg = Release|Win32
		{35238877-6898-418F-9A86-8DFA28B928FF}.Release|x86.Build.0 = Release|Win32
		{317DBA6C-C724-4DAD-9145-A5D9E58E929A}.Debug|x64.ActiveCfg = Debug|x64
		{317DBA6C-C724-4DAD-9145-A5D9E58E929A}.Debug|x64.Build.0 = Debug|x64
		{317DBA6C-C724-4DAD-9145-A5D9E58E929A}.Debug|x86.ActiveCfg = Debug|Win32
		{317DBA6C-C724-4DAD-9145-A5D9E58E929A}.Debug|x86.Build.0 = Debug|Win32
		{317DBA6C-C724-4DAD-9145-A5D9E58E929A}.Release|x64.ActiveCfg = Release|x64
		{317DBA6C-C724-4DAD-9145-A5D9E58E929A}.Release|x64.Build.0 = Release|x64
		{317DBA6C-C724-4DAD-9145-A5D9E58E929A}.Release|x86.ActiveCfg = Release|Win32
		{317DBA6C-C724-4DAD-9145-A5D9E58E929A}.Release|x86.Build.0 = Release|Win32
		{EBF553CD-C2E9-45D2-9D54-C570BCE27AB2}.Debug|x64.ActiveCfg = Debug|x64
		{EBF553CD-C2E9-45D2-9D54-C570BCE27AB2}.Debug|x64.Build.0 = Debug|x64
		{EBF553CD-C2E9-45D2-9D54-C570BCE27AB2}.Debug|x86.ActiveCfg = Debug|Win32
		{EBF553CD-C2E9-45D2-9D54-C570BCE27AB2}.Debug|x86.Build.0 = Debug|Win32
		{EBF553CD-C2E9-45D2-9D54-C570BCE27AB2}.Release|x64.ActiveCfg = Release|x64
		{EBF553CD-C2E9-45D2-9D54-C570BCE27AB2}.Release|x64.Build.0 = Release|x64
		{EBF553CD-C2E9-45D2-9D54-C570BCE27AB2}.Release|x86.ActiveCfg = Release|Win32
		{EBF553CD-C2E9-45D2-9D54-C570BCE27AB2}.Release|x86.Build.0 = Release|Win32
		{A11B47CF-56A1-43FC-AB92-29001BE3C1CC}.Debug|x64.ActiveCfg = Debug|x64
		{A11B47CF-56A1-43FC-AB92-29001BE3C1CC}.Debug|x64.Build.0 = Debug|x64
		{A11B47CF-56A1-43FC-AB92-29001BE3C1CC}.Debug|x86.ActiveCfg = Debug|Win32
		{A11B47CF-56A1-43FC-AB92-29001BE3C1CC}.Debug|x86.Build.0 = Debug|Win32
		{A11B47CF-56A1-43FC-AB92-29001BE3C1CC}.Release|x64.ActiveCfg = Release|x64
		{A11B47CF-56A1-43FC-AB92-29001BE3C1CC}.Release|x64.Build.0 = Release|x64
		{A11B47CF-56A1-43FC-AB92-29001BE3C1CC}.Release|x86.ActiveCfg = Release|Win32
		{A11B47CF-56A1-43FC-AB92-29001BE3C1CC}.Release|x86.Build.0 = Release|Win32
		{5F161259-CF88-474F-A05B-2A4E56994621}.Debug|x64.ActiveCfg = Debug|x64
		{5F161259-CF88-474F-A05B-2A4E56994621}.Debug|x64.Build.0 = Debug|x64
		{5F161259-CF88-474F-A05B-2A4E56994621}.Debug|x86.ActiveCfg = Debug|Win32
		{5F161259-CF88-474F-A05B-2A4E56994621}.Debug|x86.Build.0 = Debug|Win32
		{5F161259-CF88-474F-A05B-2A4E56994621}.Release|x64.ActiveCfg = Release|x64
		{5F161259-CF88-474F-A05B-2A4E56994621}.Release|x64.Build.0 = Release|x64
		{5F161259-CF88-474F-A05B-2A4E56994621}.Release|x86.ActiveCfg = Release|Win32
		{5F161259-CF88-474F-A05B-2A4E56994621}.Release|x86.Build.0 = Release|Win32
		{9D02BB3D-463A-495A-8BA2-ED2A9A4A2AC5}.Debug|x64.ActiveCfg = Debug|x64
		{9D02BB3D-463A-495A-8BA2-ED2A9A4A2AC5}.Debug|x64.Build.0 = Debug|x64
		{9D02BB3D-463A-495A-8BA2-ED2A9A4A2AC5}.Debug|x86.ActiveCfg = Debug|Win32
		{9D02BB3D-463A-495A-8BA2-ED2A9A4A2AC5}.Debug|x86.Build.0 = Debug|Win32
		{9D02BB3D-463A-495A-8BA2-ED2A9A4A2AC5}.Release|x64.ActiveCfg = Release|x64
		{9D02BB3D-463A-495A-8BA2-ED2A9A4A2AC5}.Release|x64.Build.0 = Release|x64
		{9D02BB3D-463A-495A-8BA2-ED2A9A4A2AC5}.Release|x86.ActiveCfg = Release|Win32
		{9D02BB3D-463A-495A-8BA2-ED2A9A4A2AC5}.Release|x86.Build.0 = Release|Win32
		{0A47D668-DBC0-48B4-93EF-4BB618DAC07F}.Debug|x64.ActiveCfg = Debug|x64
		{0A47D668-DBC0-48B4-93EF-4BB618DAC07F}.Debug|x64.Build.0 = Debug|x64
		{0A47D668-DBC0-48B4-93EF-4BB618DAC07F}.Debug|x86.ActiveCfg = Debug|Win32
		{0A47D668-DBC0-48B4-93EF-4BB618DAC07F}.Debug|x86.Build.0 = Debug|Win32
		{0A47D668-DBC0-48B4-93EF-4BB618DAC07F}.Release|x64.ActiveCfg = Release|x64
		{0A47D668-DBC0-48B4-93EF-4BB618DAC07F}.Release|x64.Build.0 = Release|x64
		{0A47D668-DBC0-48B4-93EF-4BB618DAC07F}.Release|x86.ActiveCfg = Release|Win32
		{0A47D668-DBC0-48B4-93EF-4BB618DAC07F}.Release|x86.Build.0 = Release|Win32
		{F0F594AC-93A5-41D5-8F8D-41E769B583E1}.Debug|x64.ActiveCfg = Debug|x64
		{F0F594AC-93A5-41D5-8F8D-41E769B583E1}.Debug|x64.Build.0 = Debug|x64
		{F0F594AC-93A5-41D5-8F8D-41E769B583E1}.Debug|x86.ActiveCfg = Debug|Win32
		{F0F594AC-93A5-41D5-8F8D-41E769B583E1}.Debug|x86.Build.0 = Debug|Win32
		{F0F594AC-93A5-41D5-8F8D-41E769B583E1}.Release|x64.ActiveCfg = Release|x64
		{F0F594AC-93A5-41D5-8F8D-41E769B583E1}.Release|x64.Build.0 = Release|x64
		{F0F594AC-93A5-41D5-8F8D-41E769B583E1}.Release|x86.ActiveCfg = Release|Win32
		{F0F594AC-93A5-41D5-8F8D-41E769B583E1}.Release|x86.Build.0 = Release|Win32
		{B68E335E-DC28-4610-849B-A100F34D400A}.Debug|x64.ActiveCfg = Debug|x64
		{B68E335E-DC28-4610-849B-A100F34D400A}.Debug|x64.Build.0 = Debug|x64
		{B68E335E-DC28-4610-849B-A100F34D400A}.Debug|x86.ActiveCfg = Debug|Win32
		{B68E335E-DC28-4610-849B-A100F34D400A}.Debug|x86.Build.0 = Debug|Win32
		{B68E335E-DC28-4610-849B-A100F34D400A}.Release|x64.ActiveCfg = Release|x64
		{B68E335E-DC28-4610-849B-A100F34D400A}.Release|x64.Build.0 = Release|x64
		{B68E335E-DC28-4610-849B-A100F34D400A}.Release|x86.ActiveCfg = Release|Win32
		{B68E335E-DC28-4610-849B-A100F34D400A}.Release|x86.Build.0 = Release|Win32
		{7AD1D2B8-FA27-4E28-9599-F4525BA0C7F4}.Debug|x64.ActiveCfg = Debug|x64
		{7AD1D2B8-FA27-4E28-9599-F4525BA0C7F4}.Debug|x64.Build.0 = Debug|x64
		{7AD1D2B8-FA27-4E28-9599-F4525BA0C7F4}.Debug|x86.ActiveCfg = Debug|Win32
		{7AD1D2B8-FA27-4E28-9599-F4525BA0C7F4}.Debug|x86.Build.0 = Debug|Win32
		{7AD1D2B8-FA27-4E28-9599-F4525BA0C7F4}.Release|x64.ActiveCfg = Release|x64
		{7AD1D2B8-FA27-4E28-9599-F4525BA0C7F4}.Release|x64.Build.0 = Release|x64
		{7AD1D2B8-FA27-4E28-9599-F4525BA0C7F4}.Release|x86.ActiveCfg = Release|Win32
		{7AD1D2B8-FA27-4E28-9599-F4525BA0C7F4}.Release|x86.Build.0 = Release|Win32
		{93F54F95-CC4C-4214-858C-AB9DE2755501}.Debug|x64.ActiveCfg = Debug|x64
		{93F54F95-CC4C-4214-858C-AB9DE2755501}.Debug|x64.Build.0 = Debug|x64
		{93F54F95-CC4C-4214-858C-AB9DE2755501}.Debug|x86.ActiveCfg = Debug|Win32
		{93F54F95-CC4C-4214-858C-AB9DE2755501}.Debug|x86.Build.0 = Debug|Win32
		{93F54F95-CC4C-4214-858C-AB9DE2755501}.Release|x64.ActiveCfg = Release|x64
		{93F54F95-CC4C-4214-858C-AB9DE2755501}.Release|x64.Build.0 = Release|x64
		{93F54F95-CC4C-4214-858C-AB9DE2755501}.Release|x86.ActiveCfg = Release|Win32
		{93F54F95-CC4C-4214-858C-AB9DE2755501}.Release|x86.Build.0 = Release|Win32
		{9E908A37-23F5-421E-BA0E-592D52B0CBEE}.Debug|x64.ActiveCfg = Debug|x64
		{9E908A37-23F5-421E-BA0E-592D52B0CBEE}.Debug|x64.Build.0 = Debug|x64
		{9E908A37-23F5-421E-BA0E-592D52B0CBEE}.Debug|x86.ActiveCfg = Debug|Win32
		{9E908A37-23F5-421E-BA0E-592D52B0CBEE}.Debug|x86.Build.0 = Debug|Win32
		{9E908A37-23F5-421E-BA0E-592D52B0CBEE}.Release|x64.ActiveCfg = Release|x64
		{9E908A37-23F5-421E-BA0E-592D52B0CBEE}.Release|x64.Build.0 = Release|x64
		{9E908A37-23F5-421E-BA0E-592D52B0CBEE}.Release|x86.ActiveCfg = Release|Win32
		{9E908A37-23F5-421E-BA0E-592D52B0CBEE}.Release|x86.Build.0 = Release|Win32
		{D1A4A914-40F8-4F3F-83BB-14A1E6288F33}.Debug|x64.ActiveCfg = Debug|x64
		{D1A4A914-40F8-4F3F-83BB-14A1E6288F33}.Debug|x64.Build.0 = Debug|x64
		{D1A4A914-40F8-4F3F-83BB-14A1E6288F33}.Debug|x86.ActiveCfg = Debug|Win32
		{D1A4A914-40F8-4F3F-83BB-14A1E6288F33}.Debug|x86.Build.0 = Debug|Win32
		{D1A4A914-40F8-4F3F-83BB-14A1E6288F33}.Release|x64.ActiveCfg = Release|x64
		{D1A4A914-40F8-4F3F-83BB-14A1E6288F33}.Release|x64.Build.0 = Release|x64
		{D1A4A914-40F8-4F3F-83BB-14A1E6288F33}.Release|x86.ActiveCfg = Release|Win32
		{D1A4A914-40F8-4F3F-83BB-14A1E6288F33}.Release|x86.Build.0 = Release|Win32
		{D0A46E7E-F489-4BEA-AC16-3A8CB1599798}.Debug|x64.ActiveCfg = Debug|x64
		{D0A46E7E-F489-4BEA-AC16-3A8CB1599798}.Debug|x64.Build.0 = Debug|x64
		{D0A46E7E-F489-4BEA-AC16-3A8CB1599798}.Debug|x86.ActiveCfg = Debug|Win32
		{D0A46E7E-F489-4BEA-AC16-3A8CB1599798}.Debug|x86.Build.0 = Debug|Win32
		{D0A46E7E-F489-4BEA-AC16-3A8CB1599798}.Release|x64.ActiveCfg = Release|x64
		{D0A46E7E-F489-4BEA-AC16-3A8CB1599798}.Release|x64.Build.0 = Release|x64
		{D0A46E7E-F489-4BEA-AC16-3A8CB1599798}.Release|x86.ActiveCfg = Release|Win32
		{D0A46E7E-F489-4BEA-AC16-3A8CB1599798}.Release|x86.Build.0 = Release|Win32
		{259B2089-58F1-40DB-9B2F-FF9EA33C022C}.Debug|x64.ActiveCfg = Debug|x64
		{259B2089-58F1-40DB-9B2F-FF9EA33C022C}.Debug|x64.Build.0 = Debug|x64
		{259B2089-58F1-40DB-9B2F-FF9EA33C022C}.Debug|x86.ActiveCfg = Debug|Win32
		{259B2089-58F1-40DB-9B2F-FF9EA33C022C}.Debug|x86.Build.0 = Debug|Win32
		{259B2089-58F1-40DB-9B2F-FF9EA33C022C}.Release|x64.ActiveCfg = Release|x64
		{259B2089-58F1-40DB-9B2F-FF9EA33C022C}.Release|x64.Build.0 = Release|x64
		{259B2089-58F1-40DB-9B2F-FF9EA33C022C}.Release|x86.ActiveCfg = Release|Win32
		{259B2089-58F1-40DB-9B2F-FF9EA33C022C}.Release|x86.Build.0 = Release|Win32
		{D8424A83-59CF-4FAA-8E91-9C9BF21316DC}.Debug|x64.ActiveCfg = Debug|x64
		{D8424A83-59CF-4FAA-8E91-9C9BF21316DC}.Debug|x64.Build.0 = Debug|x64
		{D8424A83-59CF-4FAA-8E91-9C9BF21316DC}.Debug|x86.ActiveCfg = Debug|Win32
		{D8424A83-59CF-4FAA-8E91-9C9BF21316DC}.Debug|x86.Build.0 = Debug|Win32
		{D8424A83-59CF-4FAA-8E91-9C9BF21316DC}.Release|x64.ActiveCfg = Release|x64
		{D8424A83-59CF-4FAA-8E91-9C9BF21316DC}.Release|x64.Build.0 = Release|x64
		{D8424A83-59CF-4FAA-8E91-9C9BF21316DC}.Release|x86.ActiveCfg = Release|Win32
		{D8424A83-59CF-4FAA-8E91-9C9BF21316DC}.Release|x86.Build.0 = Release|Win32
		{57A602F5-BFA8-4960-809E-3A15849A83DE}.Debug|x64.ActiveCfg = Debug|x64
		{57A602F5-BFA8-4960-809E-3A15849A83DE}.Debug|x64.Build.0 = Debug|x64
		{57A602F5-BFA8-4960-809E-3A15849A83DE}.Debug|x86.ActiveCfg = Debug|Win32
		{57A602F5-BFA8-4960-809E-3A15849A83DE}.Debug|x86.Build.0 = Debug|Win32
		{57A602F5-BFA8-4960-809E-3A15849A83DE}.Release|x64.ActiveCfg = Release|x64
		{57A602F5-BFA8-4960-809E-3A15849A83DE}.Release|x64.Build.0 = Release|x64
		{57A602F5-BFA8-4960-809E-3A15849A83DE}.Release|x86.ActiveCfg = Release|Win32
		{57A602F5-BFA8-4960-809E-3A15849A83DE}.Release|x86.Build.0 = Release|Win32
		{7432F2BB-1F66-4779-AA90-66DB85D026A1}.Debug|x64.ActiveCfg = Debug|x64
		{7432F2BB-1F66-4779-AA90-66DB85D026A1}.Debug|x64.Build.0 = Debug|x64
		{7432F2BB-1F66-4779-AA90-66DB85D026A1}.Debug|x86.ActiveCfg = Debug|Win32
		{7432F2BB-1F66-4779-AA90-66DB85D026A1}.Debug|x86.Build.0 = Debug|Win32
		{7432F2BB-1F66-4779-AA90-66DB85D026A1}.Release|x64.ActiveCfg = Release|x64
		{7432F2BB-1F66-4779-AA90-66DB85D026A1}.Release|x64.Build.0 = Release|x64
		{7432F2BB-1F66-4779-AA90-66DB85D026A1}.Release|x86.ActiveCfg = Release|Win32
		{7432F2BB-1F66-4779-AA90-66DB85D026A1}.Release|x86.Build.0 = Release|Win32
		{BDBC51DD-41CB-4515-9D8E-B700E17F87BE}.Debug|x64.ActiveCfg = Debug|x64
		{BDBC51DD-41CB-4515-9D8E-B700E17F87BE}.Debug|x64.Build.0 = Debug|x64
		{BDBC51DD-41CB-4515-9D8E-B700E17F87BE}.Debug|x86.ActiveCfg = Debug|Win32
		{BDBC51DD-41CB-4515-9D8E-B700E17F87BE}.Debug|x86.Build.0 = Debug|Win32
		{BDBC51DD-41CB-4515-9D8E-B700E17F87BE}.Release|x64.ActiveCfg = Release|x64
		{BDBC51DD-41CB-4515-9D8E-B700E17F87BE}.Release|x64.Build.0 = Release|x64
		{BDBC51DD-41CB-4515-9D8E-B700E17F87BE}.Release|x86.ActiveCfg = Release|Win32
		{BDBC51DD-41CB-4515-9D8E-B700E17F87BE}.Release|x86.Build.0 = Release|Win32
		{7636AF13-785B-4B89-92DF-45275F3DD368}.Debug|x64.ActiveCfg = Debug|x64
		{7636AF13-785B-4B89-92DF-45275F3DD368}.Debug|x64.Build.0 = Debug|x64
		{7636AF13-785B-4B89-92DF-45275F3DD368}.Debug|x86.ActiveCfg = Debug|Win32
		{7636AF13-785B-4B89-92DF-45275F3DD368}.Debug|x86.Build.0 = Debug|Win32
		{7636AF13-785B-4B89-92DF-45275F3DD368}.Release|x64.ActiveCfg = Release|x64
		{7636AF13-785B-4B89-92DF-45275F3DD368}.Release|x64.Build.0 = Release|x64
		{7636AF13-785B-4B89-92DF-45275F3DD368}.Release|x86.ActiveCfg = Release|Win32
		{7636AF13-785B-4B89-92DF-45275F3DD368}.Release|x86.Build.0 = Release|Win32
		{61C6972A-C51E-4081-9852-4E34E63A71AF}.Debug|x64.ActiveCfg = Debug|x64
		{61C6972A-C51E-4081-9852-4E34E63A71AF}.Debug|x64.Build.0 = Debug|x64
		{61C6972A-C51E-4081-9852-4E34E63A71AF}.Debug|x86.ActiveCfg = Debug|Win32
		{61C6972A-C51E-4081-9852-4E34E63A71AF}.Debug|x86.Build.0 = Debug|Win32
		{61C6972A-C51E-4081-9852-4E34E63A71AF}.Release|x64.ActiveCfg = Release|x64
		{61C6972A-C51E-4081-9852-4E34E63A71AF}.Release|x64.Build.0 = Release|x64
		{61C6972A-C51E-4081-9852-4E34E63A71AF}.Release|x86.ActiveCfg = Release|Win32
		{61C6972A-C51E-4081-9852-4E34E63A71AF}.Release|x86.Build.0 = Release|Win32
		{500DE637-369A-43AF-AADC-B948E94DFAEA}.Debug|x64.ActiveCfg = Debug|x64
		{500DE637-369A-43AF-AADC-B948E94DFAEA}.Debug|x64.Build.0 = Debug|x64
		{500DE637-369A-43AF-AADC-B948E94DFAEA}.Debug|x86.ActiveCfg = Debug|Win32
		{500DE637-369A-43AF-AADC-B948E94DFAEA}.Debug|x86.Build.0 = Debug|Win32
		{500DE637-369A-43AF-AADC-B948E94DFAEA}.Release|x64.ActiveCfg = Release|x64
		{500DE637-369A-43AF-AADC-B948E94DFAEA}.Release|x64.Build.0 = Release|x64
		{500DE637-369A-43AF-AADC-B948E94DFAEA}.Release|x86.ActiveCfg = Release|Win32
		{500DE637-369A-43AF-AADC-B948E94DFAEA}.Release|x86.Build.0 = Release|Win32
		{8440A6C8-DA94-4B69-8B03-D4861856DFB9}.Debug|x64.ActiveCfg = Debug|x64
		{8440A6C8-DA94-4B69-8B03-D4861856DFB9}.Debug|x64.Build.0 = Debug|x64
		{8440A6C8-DA94-4B69-8B03-D4861856DFB9}.Debug|x86.ActiveCfg = Debug|Win32
		{8440A6C8-DA94-4B69-8B03-D4861856DFB9}.Debug|x86.Build.0 = Debug|Win32
		{8440A6C8-DA94-4B69-8B03-D4861856DFB9}.Release|x64.ActiveCfg = Release|x64
		{8440A6C8-DA94-4B69-8B03-D4861856DFB9}.Release|x64.Build.0 = Release|x64
		{8440A6C8-DA94-4B69-8B03-D4861856DFB9}.Release|x86.ActiveCfg = Release|Win32
		{8440A6C8-DA94-4B69-8B03-D4861856DFB9}.Release|x86.Build.0 = Release|Win32
		{9636C202-38E5-46DB-85AB-CD55D344CB1E}.Debug|x64.ActiveCfg = Debug|x64
		{9636C202-38E5-46DB-85AB-CD55D344CB1E}.Debug|x64.Build.0 = Debug|x64
		{9636C202-38E5-46DB-85AB-CD55D344CB1E}.Debug|x86.ActiveCfg = Debug|Win32
		{9636C202-38E5-46DB-85AB-CD55D344CB1E}.Debug|x86.Build.0 = Debug|Win32
		{9636C202-38E5-46DB-85AB-CD55D344CB1E}.Release|x64.ActiveCfg = Release|x64
		{9636C202-38E5-46DB-85AB-CD55D344CB1E}.Release|x64.Build.0 = Release|x64
		{9636C202-38E5-46DB-85AB-CD55D344CB1E}.Release|x86.ActiveCfg = Release|Win32
		{9636C202-38E5-46DB-85AB-CD55D344CB1E}.Release|x86.Build.0 = Release|Win32
		{8491F7A7-7E64-4A49-ADA9-AB667D1DA5CD}.Debug|x64.ActiveCfg = Debug|x64
		{8491F7A7-7E64-4A49-ADA9-AB667D1DA5CD}.Debug|x64.Build.0 = Debug|x64
		{8491F7A7-7E64-4A49-ADA9-AB667D1DA5CD}.Debug|x86.ActiveCfg = Debug|Win32
		{8491F7A7-7E64-4A49-ADA9-AB667D1DA5CD}.Debug|x86.Build.0 = Debug|Win32
		{8491F7A7-7E64-4A49-ADA9-AB667D1DA5CD}.Release|x64.ActiveCfg = Release|x64
		{8491F7A7-7E64-4A49-ADA9-AB667D1DA5CD}.Release|x64.Build.0 = Release|x64
		{8491F7A7-7E64-4A49-ADA9-AB667D1DA5CD}.Release|x86.ActiveCfg = Release|Win32
		{8491F7A7-7E64-4A49-ADA9-AB667D1DA5CD}.Release|x86.Build.0 = Release|Win32
		{13666EBD-50A9-48DF-B047-AABC5B6C07ED}.Debug|x64.ActiveCfg = Debug|x64
		{13666EBD-50A9-48DF-B047-AABC5B6C07ED}.Debug|x64.Build.0 = Debug|x64
		{13666EBD-50A9-48DF-B047-AABC5B6C07ED}.Debug|x86.ActiveCfg = Debug|Win32
		{13666EBD-50A9-48DF-B047-AABC5B6C07ED}.Debug|x86.Build.0 = Debug|Win32
		{13666EBD-50A9-48DF-B047-AABC5B6C07ED}.Release|x64.ActiveCfg = Release|x64
		{13666EBD-50A9-48DF-B047-AABC5B6C07ED}.Release|x64.Build.0 = Release|x64
		{13666EBD-50A9-48DF-B047-AABC5B6C07ED}.Release|x86.ActiveCfg = Release|Win32
		{13666EBD-50A9-48DF-B047-AABC5B6C07ED}.Release|x86.Build.0 = Release|Win32
		{B1E47F35-19D9-4B35-9CD7-A36E028ACA61}.Debug|x64.ActiveCfg = Debug|x64
		{B1E47F35-19D9-4B35-9CD7-A36E028ACA61}.Debug|x64.Build.0 = Debug|x64
		{B1E47F35-19D9-4B35-9CD7-A36E028ACA61}.Debug|x86.ActiveCfg = Debug|Win32
		{B1E47F35-19D9-4B35-9CD7-A36E028ACA61}.Debug|x86.Build.0 = Debug|Win32
		{B1E47F35-19D9-4B35-9CD7-A36E028ACA61}.Release|x64.ActiveCfg = Release|x64
		{B1E47F35-19D9-4B35-9CD7-A36E028ACA61}.Release|x64.Build.0 = Release|x64
		{B1E47F35-19D9-4B35-9CD7-A36E028ACA61}.Release|x86.ActiveCfg = Release|Win32
		{B1E47F35-19D9-4B35-9CD7-A36E028ACA61}.Release|x86.Build.0 = Release|Win32
		{2155603D-1137-4DEC-B758-C2FFAA905798}.Debug|x64.ActiveCfg = Debug|x64
		{2155603D-1137-4DEC-B758-C2FFAA905798}.Debug|x64.Build.0 = Debug|x64
		{2155603D-1137-4DEC-B758-C2FFAA905798}.Debug|x86.ActiveCfg = Debug|Win32
		{2155603D-1137-4DEC-B758-C2FFAA905798}.Debug|x86.Build.0 = Debug|Win32
		{2155603D-1137-4DEC-B758-C2FFAA905798}.Release|x64.ActiveCfg = Release|x64
		{2155603D-1137-4DEC-B758-C2FFAA905798}.Release|x64.Build.0 = Release|x64
		{2155603D-1137-4DEC-B758-C2FFAA905798}.Release|x86.ActiveCfg = Release|Win32
		{2155603D-1137-4DEC-B758-C2FFAA905798}.Release|x86.Build.0 = Release|Win32
		{B862A657-992D-4285-A0B0-B0419E779DF2}.Debug|x64.ActiveCfg = Debug|x64
		{B862A657-992D-4285-A0B0-B0419E779DF2}.Debug|x64.Build.0 = Debug|x64
		{B862A657-992D-4285-A0B0-B0419E779DF2}.Debug|x86.ActiveCfg = Debug|Win32
		{B862A657-992D-4285-A0B0-B0419E779DF2}.Debug|x86.Build.0 = Debug|Win32
		{B862A657-992D-4285-A0B0-B0419E779DF2}.Release|x64.ActiveCfg = Release|x64
		{B862A657-992D-4285-A0B0-B0419E779DF2}.Release|x64.Build.0 = Release|x64
		{B862A657-992D-4285-A0B0-B0419E779DF2}.Release|x86.ActiveCfg = Release|Win32
		{B862A657-992D-4285-A0B0-B0419E779DF2}.Release|x86.Build.0 = Release|Win32
		{3BDE6AE7-9805-431A-95B7-8B1C0133787E}.Debug|x64.ActiveCfg = Debug|x64
		{3BDE6AE7-9805-431A-95B7-8B1C0133787E}.Debug|x64.Build.0 = Debug|x64
		{3BDE6AE7-9805-431A-95B7-8B1C0133787E}.Debug|x86.ActiveCfg = Debug|Win32
		{3BDE6AE7-9805-431A-95B7-8B1C0133787E}.Debug|x86.Build.0 = Debug|Win32
		{3BDE6AE7-9805-431A-95B7-8B1C0133787E}.Release|x64.ActiveCfg = Release|x64
		{3BDE6AE7-9805-431A-95B7-8B1C0133787E}.Release|x64.Build.0 = Release|x64
		{3BDE6AE7-9805-431A-95B7-8B1C0133787E}.Release|x86.ActiveCfg = Release|Win32
		{3BDE6AE7-9805-431A-95B7-8B1C0133787E}.Release|x86.Build.0 = Release|Win32
		{BAFA38EC-F817-421D-990F-6B2738C48F96}.Debug|x64.ActiveCfg = Debug|x64
		{BAFA38EC-F817-421D-990F-6B2738C48F96}.Debug|x64.Build.0 = Debug|x64
		{BAFA38EC-F817-421D-990F-6B2738C48F96}.Debug|x86.ActiveCfg = Debug|Win32
		{BAFA38EC-F817-421D-990F-6B2738C48F96}.Debug|x86.Build.0 = Debug|Win32
		{BAFA38EC-F817-421D-990F-6B2738C48F96}.Release|x64.ActiveCfg = Release|x64
		{BAFA38EC-F817-421D-990F-6B2738C48F96}.Release|x64.Build.0 = Release|x64
		{BAFA38EC-F817-421D-990F-6B2738C48F96}.Release|x86.ActiveCfg = Release|Win32
		{BAFA38EC-F817-421D-990F-6B2738C48F96}.Release|x86.Build.0 = Release|Win32
		{F4FA097E-4CC0-4E2B-8469-E2D467DB8F49}.Debug|x64.ActiveCfg = Debug|x64
		{F4FA097E-4CC0-4E2B-8469-E2D467DB8F49}.Debug|x64.Build.0 = Debug|x64
		{F4FA097E-4CC0-4E2B-8469-E2D467DB8F49}.Debug|x86.ActiveCfg = Debug|Win32
		{F4FA097E-4CC0-4E2B-8469-E2D467DB8F49}.Debug|x86.Build.0 = Debug|Win32
		{F4FA097E-4CC0-4E2B-8469-E2D467DB8F49}.Release|x64.ActiveCfg = Release|x64
		{F4FA097E-4CC0-4E2B-8469-E2D467DB8F49}.Release|x64.Build.0 = Release|x64
		{F4FA097E-4CC0-4E2B-8469-E2D467DB8F49}.Release|x86.ActiveCfg = Release|Win32
		{F4FA097E-4CC0-4E2B-8469-E2D467DB8F49}.Release|x86.Build.0 = Release|Win32
		{B8CD1D04-31DD-4410-9855-256AC81306DD}.Debug|x64.ActiveCfg = Debug|x64
		{B8CD1D04-31DD-4410-9855-256AC81306DD}.Debug|x64.Build.0 = Debug|x64
		{B8CD1D04-31DD-4410-9855-256AC81306DD}.Debug|x86.ActiveCfg = Debug|Win32
		{B8CD1D04-31DD-4410-9855-256AC81306DD}.Debug|x86.Build.0 = Debug|Win32
		{B8CD1D04-31DD-4410-9855-256AC81306DD}.Release|x64.ActiveCfg = Release|x64
		{B8CD1D04-31DD-4410-9855-256AC81306DD}.Release|x64.Build.0 = Release|x64
		{B8CD1D04-31DD-4410-9855-256AC81306DD}.Release|x86.ActiveCfg = Release|Win32
		{B8CD1D04-31DD-4410-9855-256AC81306DD}.Release|x86.Build.0 = Release|Win32
		{1A93A53F-2D70-40D6-ABED-8BFCF4E3287D}.Debug|x64.ActiveCfg = Debug|x64
		{1A93A53F-2D70-40D6-ABED-8BFCF4E3287D}.Debug|x64.Build.0 = Debug|x64
		{1A93A53F-2D70-40D6-ABED-8BFCF4E3287D}.Debug|x86.ActiveCfg = Debug|Win32
		{1A93A53F-2D70-40D6-ABED-8BFCF4E3287D}.Debug|x86.Build.0 = Debug|Win32
		{1A93A53F-2D70-40D6-ABED-8BFCF4E3287D}.Release|x64.ActiveCfg = Release|x64
		{1A93A53F-2D70-40D6-ABED-8BFCF4E3287D}.Release|x64.Build.0 = Release|x64
		{1A93A53F-2D70-40D6-ABED-8BFCF4E3287D}.Release|x86.ActiveCfg = Release|Win32
		{1A93A53F-2D70-40D6-ABED-8BFCF4E3287D}.Release|x86.Build.0 = Release|Win32
		{9C7BE569-0A3E-468D-83FD-34056C9BED7C}.Debug|x64.ActiveCfg = Debug|x64
		{9C7BE569-0A3E-468D-83FD-34056C9BED7C}.Debug|x64.Build.0 = Debug|x64
		{9C7BE569-0A3E-468D-83FD-34056C9BED7C}.Debug|x86.ActiveCfg = Debug|Win32
		{9C7BE569-0A3E-468D-83FD-34056C9BED7C}.Debug|x86.Build.0 = Debug|Win32
		{9C7BE569-0A3E-468D-83FD-34056C9BED7C}.Release|x64.ActiveCfg = Release|x64
		{9C7BE569-0A3E-468D-83FD-34056C9BED7C}.Release|x64.Build.0 = Release|x64
		{9C7BE569-0A3E-468D-83FD-34056C9BED7C}.Release|x86.ActiveCfg = Release|Win32
		{9C7BE569-0A3E-468D-83FD-34056C9BED7C}.Release|x86.Build.0 = Release|Win32
		{9AF9E364-F220-439F-BEC0-810E5CB942E9}.Debug|x64.ActiveCfg = Debug|x64
		{9AF9E364-F220-439F-BEC0-810E5CB942E9}.Debug|x64.Build.0 = Debug|x64
		{9AF9E364-F220-439F-BEC0-810E5CB942E9}.Debug|x86.ActiveCfg = Debug|Win32
		{9AF9E364-F220-439F-BEC0-810E5CB942E9}.Debug|x86.Build.0 = Debug|Win32
		{9AF9E364-F220-439F-BEC0-810E5CB942E9}.Release|x64.ActiveCfg = Release|x64
		{9AF9E364-F220-439F-BEC0-810E5CB942E9}.Release|x64.Build.0 = Release|x64
		{9AF9E364-F220-439F-BEC0-810E5CB942E9}.Release|x86.ActiveCfg = Release|Win32
		{9AF9E364-F220-439F-BEC0-810E5CB942E9}.Release|x86.Build.0 = Release|Win32
		{CC4B6A0C-8AA7-4766-8642-F405B706CD6B}.Debug|x64.ActiveCfg = Debug|x64
		{CC4B6A0C-8AA7-4766-8642-F405B706CD6B}.Debug|x64.Build.0 = Debug|x64
		{CC4B6A0C-8AA7-4766-8642-F405B706CD6B}.Debug|x86.ActiveCfg = Debug|Win32
		{CC4B6A0C-8AA7-4766-8642-F405B706CD6B}.Debug|x86.Build.0 = Debug|Win32
		{CC4B6A0C-8AA7-4766-8642-F405B706CD6B}.Release|x64.ActiveCfg = Release|x64
		{CC4B6A0C-8AA7-4766-8642-F405B706CD6B}.Release|x64.Build.0 = Release|x64
		{CC4B6A0C-8AA7-4766-8642-F405B706CD6B}.Release|x86.ActiveCfg = Release|Win32
		{CC4B6A0C-8AA7-4766-8642-F405B706CD6B}.Release|x86.Build.0 = Release|Win32
		{D641704B-C73D-4E93-B6DE-D020784BD6AB}.Debug|x64.ActiveCfg = Debug|x64
		{D641704B-C73D-4E93-B6DE-D020784BD6AB}.Debug|x64.Build.0 = Debug|x64
		{D641704B-C73D-4E93-B6DE-D020784BD6AB}.Debug|x86.ActiveCfg = Debug|Win32
		{D641704B-C73D-4E93-B6DE-D020784BD6AB}.Debug|x86.Build.0 = Debug|Win32
		{D641704B-C73D-4E93-B6DE-D020784BD6AB}.Release|x64.ActiveCfg = Release|x64
		{D641704B-C73D-4E93-B6DE-D020784BD6AB}.Release|x64.Build.0 = Release|x64
		{D641704B-C73D-4E93-B6DE-D020784BD6AB}.Release|x86.ActiveCfg = Release|Win32
		{D641704B-C73D-4E93-B6DE-D020784BD6AB}.Release|x86.Build.0 = Release|Win32
		{A9196195-D9F2-461C-8EDF-C5393F908102}.Debug|x64.ActiveCfg = Debug|x64
		{A9196195-D9F2-461C-8EDF-C5393F908102}.Debug|x64.Build.0 = Debug|x64
		{A9196195-D9F2-461C-8EDF-C5393F908102}.Debug|x86.ActiveCfg = Debug|Win32
		{A9196195-D9F2-461C-8EDF-C5393F908102}.Debug|x86.Build.0 = Debug|Win32
		{A9196195-D9F2-461C-8EDF-C5393F908102}.Release|x64.ActiveCfg = Release|x64
		{A9196195-D9F2-461C-8EDF-C5393F908102}.Release|x64.Build.0 = Release|x64
		{A9196195-D9F2-461C-8EDF-C5393F908102}.Release|x86.ActiveCfg = Release|Win32
		{A9196195-D9F2-461C-8EDF-C5393F908102}.Release|x86.Build.0 = Release|Win32
		{841A00E2-8818-4FA8-BC13-D5140300B9AE}.Debug|x64.ActiveCfg = Debug|x64
		{841A00E2-8818-4FA8-BC13-D5140300B9AE}.Debug|x64.Build.0 = Debug|x64
		{841A00E2-8818-4FA8-BC13-D5140300B9AE}.Debug|x86.ActiveCfg = Debug|Win32
		{841A00E2-8818-4FA8-BC13-D5140300B9AE}.Debug|x86.Build.0 = Debug|Win32
		{841A00E2-8818-4FA8-BC13-D5140300B9AE}.Release|x64.ActiveCfg = Release|x64
		{841A00E2-8818-4FA8-BC13-D5140300B9AE}.Release|x64.Build.0 = Release|x64
		{841A00E2-8818-4FA8-BC13-D5140300B9AE}.Release|x86.ActiveCfg = Release|Win32
		{841A00E2-8818-4FA8-BC13-D5140300B9AE}.Release|x86.Build.0 = Release|Win32
		{AB4DC27C-D0AE-44B0-B964-7BF9373F6469}.Debug|x64.ActiveCfg = Debug|x64
		{AB4DC27C-D0AE-44B0-B964-7BF9373F6469}.Debug|x64.Build.0 = Debug|x64
		{AB4DC27C-D0AE-44B0-B964-7BF9373F6469}.Debug|x86.ActiveCfg = Debug|Win32
		{AB4DC27C-D0AE-44B0-B964-7BF9373F6469}.Debug|x86.Build.0 = Debug|Win32
		{AB4DC27C-D0AE-44B0-B964-7BF9373F6469}.Release|x64.ActiveCfg = Release|x64
		{AB4DC27C-D0AE-44B0-B964-7BF9373F6469}.Release|x64.Build.0 = Release|x64
		{AB4DC27C-D0AE-44B0-B964-7BF9373F6469}.Release|x86.ActiveCfg = Release|Win32
		{AB4DC27C-D0AE-44B0-B964-7BF9373F6469}.Release|x86.Build.0 = Release|Win32
		{961D24AE-EF7A-475B-9A49-3B4E73F3C884}.Debug|x64.ActiveCfg = Debug|x64
		{961D24AE-EF7A-475B-9A49-3B4E73F3C884}.Debug|x64.Build.0 = Debug|x64
		{961D24AE-EF7A-475B-9A49-3B4E73F3C884}.Debug|x86.ActiveCfg = Debug|Win32
		{961D24AE-EF7A-475B-9A49-3B4E73F3C884}.Debug|x86.Build.0 = Debug|Win32
		{961D24AE-EF7A-475B-9A49-3B4E73F3C884}.Release|x64.ActiveCfg = Release|x64
		{961D24AE-EF7A-475B-9A49-3B4E73F3C884}.Release|x64.Build.0 = Release|x64
		{961D24AE-EF7A-475B-9A49-3B4E73F3C884}.Release|x86.ActiveCfg = Release|Win32
		{961D24AE-EF7A-475B-9A49-3B4E73F3C884}.Release|x86.Build.0 = Release|Win32
		{F6D829C1-2F91-4853-BAE6-7B4DC2996821}.Debug|x64.ActiveCfg = Debug|x64
		{F6D829C1-2F91-4853-BAE6-7B4DC2996821}.Debug|x64.Build.0 = Debug|x64
		{F6D829C1-2F91-4853-BAE6-7B4DC2996821}.Debug|x86.ActiveCfg = Debug|Win32
		{F6D829C1-2F91-4853-BAE6-7B4DC2996821}.Debug|x86.Build.0 = Debug|Win32
		{F6D829C1-2F91-4853-BAE6-7B4DC2996821}.Release|x64.ActiveCfg = Release|x64
		{F6D829C1-2F91-4853-BAE6-7B4DC2996821}.Release|x64.Build.0 = Release|x64
		{F6D829C1-2F91-4853-BAE6-7B4DC2996821}.Release|x86.ActiveCfg = Release|Win32
		{F6D829C1-2F91-4853-BAE6-7B4DC2996821}.Release|x86.Build.0 = Release|Win32
		{3680CA33-7142-4CF8-AF0A-4B0843A1AF13}.Debug|x64.ActiveCfg = Debug|x64
		{3680CA33-7142-4CF8-AF0A-4B0843A1AF13}.Debug|x64.Build.0 = Debug|x64
		{3680CA33-7142-4CF8-AF0A-4B0843A1AF13}.Debug|x86.ActiveCfg = Debug|Win32
		{3680CA33-7142-4CF8-AF0A-4B0843A1AF13}.Debug|x86.Build.0 = Debug|Win32
		{3680CA33-7142-4CF8-AF0A-4B0843A1AF13}.Release|x64.ActiveCfg = Release|x64
		{3680CA33-7142-4CF8-AF0A-4B0843A1AF13}.Release|x64.Build.0 = Release|x64
		{3680CA33-7142-4CF8-AF0A-4B0843A1AF13}.Release|x86.ActiveCfg = Release|Win32
		{3680CA33-7142-4CF8-AF0A-4B0843A1AF13}.Release|x86.Build.0 = Release|Win32
		{CCE7B79D-3290-4439-BB4A-FB43E6789353}.Debug|x64.ActiveCfg = Debug|x64
		{CCE7B79D-3290-4439-BB4A-FB43E6789353}.Debug|x64.Build.0 = Debug|x64
		{CCE7B79D-3290-4439-BB4A-FB43E6789353}.Debug|x86.ActiveCfg = Debug|Win32
		{CCE7B79D-3290-4439-BB4A-FB43E6789353}.Debug|x86.Build.0 = Debug|Win32
		{CCE7B79D-3290-4439-BB4A-FB43E6789353}.Release|x64.ActiveCfg = Release|x64
		{CCE7B79D-3290-4439-BB4A-FB43E6789353}.Release|x64.Build.0 = Release|x64
		{CCE7B79D-3290-4439-BB4A-FB43E6789353}.Release|x86.ActiveCfg = Release|Win32
		{CCE7B79D-3290-4439-BB4A-FB43E6789353}.Release|x86.Build.0 = Release|Win32
		{C5583DC7-A2B4-4976-9362-5AD316C05A16}.Debug|x64.ActiveCfg = Debug|x64
		{C5583DC7-A2B4-4976-9362-5AD316C05A16}.Debug|x64.Build.0 = Debug|x64
		{C5583DC7-A2B4-4976-9362-5AD316C05A16}.Debug|x86.ActiveCfg = Debug|Win32
		{C5583DC7-A2B4-4976-9362-5AD316C05A16}.Debug|x86.Build.0 = Debug|Win32
		{C5583DC7-A2B4-4976-9362-5AD316C05A16}.Release|x64.ActiveCfg = Release|x64
		{C5583DC7-A2B4-4976-9362-5AD316C05A16}.Release|x64.Build.0 = Release|x64
		{C5583DC7-A2B4-4976-9362-5AD316C05A16}.Release|x86.ActiveCfg = Release|Win32
		{C5583DC7-A2B4-4976-9362-5AD316C05A16}.Release|x86.Build.0 = Release|Win32
		{EBFFAC1D-B64A-4DAD-81D0-D1FD213AADF5}.Debug|x64.ActiveCfg = Debug|x64
		{EBFFAC1D-B64A-4DAD-81D0-D1FD213AADF5}.Debug|x64.Build.0 = Debug|x64
		{EBFFAC1D-B64A-4DAD-81D0-D1FD213AADF5}.Debug|x86.ActiveCfg = Debug|Win32
		{EBFFAC1D-B64A-4DAD-81D0-D1FD213AADF5}.Debug|x86.Build.0 = Debug|Win32
		{EBFFAC1D-B64A-4DAD-81D0-D1FD213AADF5}.Release|x64.ActiveCfg = Release|x64
		{EBFFAC1D-B64A-4DAD-81D0-D1FD213AADF5}.Release|x64.Build.0 = Release|x64
		{EBFFAC1D-B64A-4DAD-81D0-D1FD213AADF5}.Release|x86.ActiveCfg = Release|Win32
		{EBFFAC1D-B64A-4DAD-81D0-D1FD213AADF5}.Release|x86.Build.0 = Release|Win32
		{8F9D074E-84FC-4ECE-949B-2A2D19AA8FAD}.Debug|x64.ActiveCfg = Debug|x64
		{8F9D074E-84FC-4ECE-949B-2A2D19AA8FAD}.Debug|x64.Build.0 = Debug|x64
		{8F9D074E-84FC-4ECE-949B-2A2D19AA8FAD}.Debug|x86.ActiveCfg = Debug|Win32
		{8F9D074E-84FC-4ECE-949B-2A2D19AA8FAD}.Debug|x86.Build.0 = Debug|Win32
		{8F9D074E-84FC-4ECE-949B-2A2D19AA8FAD}.Release|x64.ActiveCfg = Release|x64
		{8F9D074E-84FC-4ECE-949B-2A2D19AA8FAD}.Release|x64.Build.0 = Release|x64
		{8F9D074E-84FC-4ECE-949B-2A2D19AA8FAD}.Release|x86.ActiveCfg = Release|Win32
		{8F9D074E-84FC-4ECE-949B-2A2D19AA8FAD}.Release|x86.Build.0 = Release|Win32
		{6EB1E273-254B-4A12-B979-ABDC7486E01A}.Debug|x64.ActiveCfg = Debug|x64
		{6EB1E273-254B-4A12-B979-ABDC7486E01A}.Debug|x64.Build.0 = Debug|x64
		{6EB1E273-254B-4A12-B979-ABDC7486E01A}.Debug|x86.ActiveCfg = Debug|Win32
		{6EB1E273-254B-4A12-B979-ABDC7486E01A}.Debug|x86.Build.0 = Debug|Win32
		{6EB1E273-254B-4A12-B979-ABDC7486E01A}.Release|x64.ActiveCfg = Release|x64
		{6EB1E273-254B-4A12-B979-ABDC7486E01A}.Release|x64.Build.0 = Release|x64
		{6EB1E273-254B-4A12-B979-ABDC7486E01A}.Release|x86.ActiveCfg = Release|Win32
		{6EB1E273-254B-4A12-B979-ABDC7486E01A}.Release|x86.Build.0 = Release|Win32
		{5560E959-2E73-4C46-9FD0-230D68095DC7}.Debug|x64.ActiveCfg = Debug|x64
		{5560E959-2E73-4C46-9FD0-230D68095DC7}.Debug|x64.Build.0 = Debug|x64
		{5560E959-2E73-4C46-9FD0-230D68095DC7}.Debug|x86.ActiveCfg = Debug|Win32
		{5560E959-2E73-4C46-9FD0-230D68095DC7}.Debug|x86.Build.0 = Debug|Win32
		{5560E959-2E73-4C46-9FD0-230D68095DC7}.Release|x64.ActiveCfg = Release|x64
		{5560E959-2E73-4C46-9FD0-230D68095DC7}.Release|x64.Build.0 = Release|x64
		{5560E959-2E73-4C46-9FD0-230D68095DC7}.Release|x86.ActiveCfg = Release|Win32
		{5560E959-2E73-4C46-9FD0-230D68095DC7}.Release|x86.Build.0 = Release|Win32
		{98523835-0A0D-43B8-A264-BD23B89C38B7}.Debug|x64.ActiveCfg = Debug|x64
		{98523835-0A0D-43B8-A264-BD23B89C38B7}.Debug|x64.Build.0 = Debug|x64
		{98523835-0A0D-43B8-A264-BD23B89C38B7}.Debug|x86.ActiveCfg = Debug|Win32
		{98523835-0A0D-43B8-A264-BD23B89C38B7}.Debug|x86.Build.0 = Debug|Win32
		{98523835-0A0D-43B8-A264-BD23B89C38B7}.Release|x64.ActiveCfg = Release|x64
		{98523835-0A0D-43B8-A264-BD23B89C38B7}.Release|x64.Build.0 = Release|x64
		{98523835-0A0D-43B8-A264-BD23B89C38B7}.Release|x86.ActiveCfg = Release|Win32
		{98523835-0A0D-43B8-A264-BD23B89C38B7}.Release|x86.Build.0 = Release|Win32
		{B4472D90-FAE6-4E43-930F-A0E07E9AC02D}.Debug|x64.ActiveCfg = Debug|x64
		{B4472D90-FAE6-4E43-930F-A0E07E9AC02D}.Debug|x64.Build.0 = Debug|x64
		{B4472D90-FAE6-4E43-930F-A0E07E9AC02D}.Debug|x86.ActiveCfg = Debug|Win32
		{B4472D90-FAE6-4E43-930F-A0E07E9AC02D}.Debug|x86.Build.0 = Debug|Win32
		{B4472D90-FAE6-4E43-930F-A0E07E9AC02D}.Release|x64.ActiveCfg = Release|x64
		{B4472D90-FAE6-4E43-930F-A0E07E9AC02D}.Release|x64.Build.0 = Release|x64
		{B4472D90-FAE6-4E43-930F-A0E07E9AC02D}.Release|x86.ActiveCfg = Release|Win32
		{B4472D90-FAE6-4E43-930F-A0E07E9AC02D}.Release|x86.Build.0 = Release|Win32
		{CD0D66B7-961C-4203-923E-9005E17A31A2}.Debug|x64.ActiveCfg = Debug|x64
		{CD0D66B7-961C-4203-923E-9005E17A31A2}.Debug|x64.Build.0 = Debug|x64
		{CD0D66B7-961C-4203-923E-9005E17A31A2}.Debug|x86.ActiveCfg = Debug|Win32
		{CD0D66B7-961C-4203-923E-9005E17A31A2}.Debug|x86.Build.0 = Debug|Win32
		{CD0D66B7-961C-4203-923E-9005E17A31A2}.Release|x64.ActiveCfg = Release|x64
		{CD0D66B7-961C-4203-923E-9005E17A31A2}.Release|x64.Build.0 = Release|x64
		{CD0D66B7-961C-4203-923E-9005E17A31A2}.Release|x86.ActiveCfg = Release|Win32
		{CD0D66B7-961C-4203-923E-9005E17A31A2}.Release|x86.Build.0 = Release|Win32
		{5F05FB7E-1D07-47C4-99C3-2DA51D399F5A}.Debug|x64.ActiveCfg = Debug|x64
		{5F05FB7E-1D07-47C4-99C3-2DA51D399F5A}.Debug|x64.Build.0 = Debug|x64
		{5F05FB7E-1D07-47C4-99C3-2DA51D399F5A}.Debug|x86.ActiveCfg = Debug|Win32
		{5F05FB7E-1D07-47C4-99C3-2DA51D399F5A}.Debug|x86.Build.0 = Debug|Win32
		{5F05FB7E-1D07-47C4-99C3-2DA51D399F5A}.Release|x64.ActiveCfg = Release|x64
		{5F05FB7E-1D07-47C4-99C3-2DA51D399F5A}.Release|x64.Build.0 = Release|x64
		{5F05FB7E-1D07-47C4-99C3-2DA51D399F5A}.Release|x86.ActiveCfg = Release|Win32
		{5F05FB7E-1D07-47C4-99C3-2DA51D399F5A}.Release|x86.Build.0 = Release|Win32
		{DDF52568-A736-46E6-BC08-3136E6AFD4B4}.Debug|x64.ActiveCfg = Debug|x64
		{DDF52568-A736-46E6-BC08-3136E6AFD4B4}.Debug|x64.Build.0 = Debug|x64
		{DDF52568-A736-46E6-BC08-3136E6AFD4B4}.Debug|x86.ActiveCfg = Debug|Win32
		{DDF52568-A736-46E6-BC08-3136E6AFD4B4}.Debug|x86.Build.0 = Debug|Win32
		{DDF52568-A736-46E6-BC08-3136E6AFD4B4}.Release|x64.ActiveCfg = Release|x64
		{DDF52568-A736-46E6-BC08-3136E6AFD4B4}.Release|x64.Build.0 = Release|x64
		{DDF52568-A736-46E6-BC08-3136E6AFD4B4}.Release|x86.ActiveCfg = Release|Win32
		{DDF52568-A736-46E6-BC08-3136E6AFD4B4}.Release|x86.Build.0 = Release|Win32
		{346472F6-5503-4619-8582-3E37BBC2A9BF}.Debug|x64.ActiveCfg = Debug|x64
		{346472F6-5503-4619-8582-3E37BBC2A9BF}.Debug|x64.Build.0 = Debug|x64
		{346472F6-5503-4619-8582-3E37BBC2A9BF}.Debug|x86.ActiveCfg = Debug|Win32
		{346472F6-5503-4619-8582-3E37BBC2A9BF}.Debug|x86.Build.0 = Debug|Win32
		{346472F6-5503-4619-8582-3E37BBC2A9BF}.Release|x64.ActiveCfg = Release|x64
		{346472F6-5503-4619-8582-3E37BBC2A9BF}.Release|x64.Build.0 = Release|x64
		{346472F6-5503-4619-8582-3E37BBC2A9BF}.Release|x86.ActiveCfg = Release|Win32
		{346472F6-5503-4619-8582-3E37BBC2A9BF}.Release|x86.Build.0 = Release|Win32
		{0E7134F3-1154-42B9-9101-292C1212F858}.Debug|x64.ActiveCfg = Debug|x64
		{0E7134F3-1154-42B9-9101-292C1212F858}.Debug|x64.Build.0 = Debug|x64
		{0E7134F3-1154-42B9-9101-292C1212F858}.Debug|x86.ActiveCfg = Debug|Win32
		{0E7134F3-1154-42B9-9101-292C1212F858}.Debug|x86.Build.0 = Debug|Win32
		{0E7134F3-1154-42B9-9101-292C1212F858}.Release|x64.ActiveCfg = Release|x64
		{0E7134F3-1154-42B9-9101-292C1212F858}.Release|x64.Build.0 = Release|x64
		{0E7134F3-1154-42B9-9101-292C1212F858}.Release|x86.ActiveCfg = Release|Win32
		{0E7134F3-1154-42B9-9101-292C1212F858}.Release|x86.Build.0 = Release|Win32
		{E48A7809-D47B-41FB-9AF3-385E50EDC33F}.Debug|x64.ActiveCfg = Debug|x64
		{E48A7809-D47B-41FB-9AF3-385E50EDC33F}.Debug|x64.Build.0 = Debug|x64
		{E48A7809-D47B-41FB-9AF3-385E50EDC33F}.Debug|x86.ActiveCfg = Debug|Win32
		{E48A7809-D47B-41FB-9AF3-385E50EDC33F}.Debug|x86.Build.0 = Debug|Win32
		{E48A7809-D47B-41FB-9AF3-385E50EDC33F}.Release|x64.ActiveCfg = Release|x64
		{E48A7809-D47B-41FB-9AF3-385E50EDC33F}.Release|x64.Build.0 = Release|x64
		{E48A7809-D47B-41FB-9AF3-385E50EDC33F}.Release|x86.ActiveCfg = Release|Win32
		{E48A7809-D47B-41FB-9AF3-385E50EDC33F}.Release|x86.Build.0 = Release|Win32
		{0FBE37CB-DFDA-434B-9F27-6A90FE08E9B9}.Debug|x64.ActiveCfg = Debug|x64
		{0FBE37CB-DFDA-434B-9F27-6A90FE08E9B9}.Debug|x64.Build.0 = Debug|x64
		{0FBE37CB-DFDA-434B-9F27-6A90FE08E9B9}.Debug|x86.ActiveCfg = Debug|Win32
		{0FBE37CB-DFDA-434B-9F27-6A90FE08E9B9}.Debug|x86.Build.0 = Debug|Win32
		{0FBE37CB-DFDA-434B-9F27-6A90FE08E9B9}.Release|x64.ActiveCfg = Release|x64
		{0FBE37CB-DFDA-434B-9F27-6A90FE08E9B9}.Release|x64.Build.0 = Release|x64
		{0FBE37CB-DFDA-434B-9F27-6A90FE08E9B9}.Release|x86.ActiveCfg = Release|Win32
		{0FBE37CB-DFDA-434B-9F27-6A90FE08E9B9}.Release|x86.Build.0 = Release|Win32
		{41EEE1AA-E9CC-411B-B58B-C0C7F189DF75}.Debug|x64.ActiveCfg = Debug|x64
		{41EEE1AA-E9CC-411B-B58B-C0C7F189DF75}.Debug|x64.Build.0 = Debug|x64
		{41EEE1AA-E9CC-411B-B58B-C0C7F189DF75}.Debug|x86.ActiveCfg = Debug|Win32
		{41EEE1AA-E9CC-411B-B58B-C0C7F189DF75}.Debug|x86.Build.0 = Debug|Win32
		{41EEE1AA-E9CC-411B-B58B-C0C7F189DF75}.Release|x64.ActiveCfg = Release|x64
		{41EEE1AA-E9CC-411B-B58B-C0C7F189DF75}.Release|x64.Build.0 = Release|x64
		{41EEE1AA-E9CC-411B-B58B-C0C7F189DF75}.Release|x86.ActiveCfg = Release|Win32
		{41EEE1AA-E9CC-411B-B58B-C0C7F189DF75}.Release|x86.Build.0 = Release|Win32
		{BC5E25CE-2254-4EEF-8BDC-41212C26E2EE}.Debug|x64.ActiveCfg = Debug|x64
		{BC5E25CE-2254-4EEF-8BDC-41212C26E2EE}.Debug|x64.Build.0 = Debug|x64
		{BC5E25CE-2254-4EEF-8BDC-41212C26E2EE}.Debug|x86.ActiveCfg = Debug|Win32
		{BC5E25CE-2254-4EEF-8BDC-41212C26E2EE}.Debug|x86.Build.0 = Debug|Win32
		{BC5E25CE-2254-4EEF-8BDC-41212C26E2EE}.Release|x64.ActiveCfg = Release|x64
		{BC5E25CE-2254-4EEF-8BDC-41212C26E2EE}.Release|x64.Build.0 = Release|x64
		{BC5E25CE-2254-4EEF-8BDC-41212C26E2EE}.Release|x86.ActiveCfg = Release|Win32
		{BC5E25CE-2254-4EEF-8BDC-41212C26E2EE}.Release|x86.Build.0 = Release|Win32
		{5A3836FC-5C72-4032-8528-E44863D14FEC}.Debug|x64.ActiveCfg = Debug|x64
		{5A3836FC-5C72-4032-8528-E44863D14FEC}.Debug|x64.Build.0 = Debug|x64
		{5A3836FC-5C72-4032-8528-E44863D14FEC}.Debug|x86.ActiveCfg = Debug|Win32
		{5A3836FC-5C72-4032-8528-E44863D14FEC}.Debug|x86.Build.0 = Debug|Win32
		{5A3836FC-5C72-4032-8528-E44863D14FEC}.Release|x64.ActiveCfg = Release|x64
		{5A3836FC-5C72-4032-8528-E44863D14FEC}.Release|x64.Build.0 = Release|x64
		{5A3836FC-5C72-4032-8528-E44863D14FEC}.Release|x86.ActiveCfg = Release|Win32
		{5A3836FC-5C72-4032-8528-E44863D14FEC}.Release|x86.Build.0 = Release|Win32
		{887441FA-1EA7-4F09-9499-10C82C439F52}.Debug|x64.ActiveCfg = Debug|x64
		{887441FA-1EA7-4F09-9499-10C82C439F52}.Debug|x64.Build.0 = Debug|x64
		{887441FA-1EA7-4F09-9499-10C82C439F52}.Debug|x86.ActiveCfg = Debug|Win32
		{887441FA-1EA7-4F09-9499-10C82C439F52}.Debug|x86.Build.0 = Debug|Win32
		{887441FA-1EA7-4F09-9499-10C82C439F52}.Release|x64.ActiveCfg = Release|x64
		{887441FA-1EA7-4F09-9499-10C82C439F52}.Release|x64.Build.0 = Release|x64
		{887441FA-1EA7-4F09-9499-10C82C439F52}.Release|x86.ActiveCfg = Release|Win32
		{887441FA-1EA7-4F09-9499-10C82C439F52}.Release|x86.Build.0 = Release|Win32
		{D3F45CB6-BDD2-48FB-B3C8-65BCC9261E80}.Debug|x64.ActiveCfg = Debug|x64
		{D3F45CB6-BDD2-48FB-B3C8-65BCC9261E80}.Debug|x64.Build.0 = Debug|x64
		{D3F45CB6-BDD2-48FB-B3C8-65BCC9261E80}.Debug|x86.ActiveCfg = Debug|Win32
		{D3F45CB6-BDD2-48FB-B3C8-65BCC9261E80}.Debug|x86.Build.0 = Debug|Win32
		{D3F45CB6-BDD2-48FB-B3C8-65BCC9261E80}.Release|x64.ActiveCfg = Release|x64
		{D3F45CB6-BDD2-48FB-B3C8-65BCC9261E80}.Release|x64.Build.0 = Release|x64
		{D3F45CB6-BDD2-48FB-B3C8-65BCC9261E80}.Release|x86.ActiveCfg = Release|Win32
		{D3F45CB6-BDD2-48FB-B3C8-65BCC9261E80}.Release|x86.Build.0 = Release|Win32
		{2A605244-C8DE-4A25-B5E2-5F251F1FA352}.Debug|x64.ActiveCfg = Debug|x64
		{2A605244-C8DE-4A25-B5E2-5F251F1FA352}.Debug|x64.Build.0 = Debug|x64
		{2A605244-C8DE-4A25-B5E2-5F251F1FA352}.Debug|x86.ActiveCfg = Debug|Win32
		{2A605244-C8DE-4A25-B5E2-5F251F1FA352}.Debug|x86.Build.0 = Debug|Win32
		{2A605244-C8DE-4A25-B5E2-5F251F1FA352}.Release|x64.ActiveCfg = Release|x64
		{2A605244-C8DE-4A25-B5E2-5F251F1FA352}.Release|x64.Build.0 = Release|x64
		{2A605244-C8DE-4A25-B5E2-5F251F1FA352}.Release|x86.ActiveCfg = Release|Win32
		{2A605244-C8DE-4A25-B5E2-5F251F1FA352}.Release|x86.Build.0 = Release|Win32
		{0D3CE602-10B6-4CD4-BC36-54AEC138C428}.Debug|x64.ActiveCfg = Debug|x64
		{0D3CE602-10B6-4CD4-BC36-54AEC138C428}.Debug|x64.Build.0 = Debug|x64
		{0D3CE602-10B6-4CD4-BC36-54AEC138C428}.Debug|x86.ActiveCfg = Debug|Win32
		{0D3CE602-10B6-4CD4-BC36-54AEC138C428}.Debug|x86.Build.0 = Debug|Win32
		{0D3CE602-10B6-4CD4-BC36-54AEC138C428}.Release|x64.ActiveCfg = Release|x64
		{0D3CE602-10B6-4CD4-BC36-54AEC138C428}.Release|x64.Build.0 = Release|x64
		{0D3CE602-10B6-4CD4-BC36-54AEC138C428}.Release|x86.ActiveCfg = Release|Win32
		{0D3CE602-10B6-4CD4-BC36-54AEC138C428}.Release|x86.Build.0 = Release|Win32
		{745A2FDB-74C1-42A9-9905-7B5AC40153EF}.Debug|x64.ActiveCfg = Debug|x64
		{745A2FDB-74C1-42A9-9905-7B5AC40153EF}.Debug|x64.Build.0 = Debug|x64
		{745A2FDB-74C1-42A9-9905-7B5AC40153EF}.Debug|x86.ActiveCfg = Debug|Win32
		{745A2FDB-74C1-42A9-9905-7B5AC40153EF}.Debug|x86.Build.0 = Debug|Win32
		{745A2FDB-74C1-42A9-9905-7B5AC40153EF}.Release|x64.ActiveCfg = Release|x64
		{745A2FDB-74C1-42A9-9905-7B5AC40153EF}.Release|x64.Build.0 = Release|x64
		{745A2FDB-74C1-42A9-9905-7B5AC40153EF}.Release|x86.ActiveCfg = Release|Win32
		{745A2FDB-74C1-42A9-9905-7B5AC40153EF}.Release|x86.Build.0 = Release|Win32
		{3B7B80F1-16F6-4296-887C-676850713B22}.Debug|x64.ActiveCfg = Debug|x64
		{3B7B80F1-16F6-4296-887C-676850713B22}.Debug|x64.Build.0 = Debug|x64
		{3B7B80F1-16F6-4296-887C-676850713B22}.Debug|x86.ActiveCfg = Debug|Win32
		{3B7B80F1-16F6-4296-887C-676850713B22}.Debug|x86.Build.0 = Debug|Win32
		{3B7B80F1-16F6-4296-887C-676850713B22}.Release|x64.ActiveCfg = Release|x64
		{3B7B80F1-16F6-4296-887C-676850713B22}.Release|x64.Build.0 = Release|x64
		{3B7B80F1-16F6-4296-887C-676850713B22}.Release|x86.ActiveCfg = Release|Win32
		{3B7B80F1-16F6-4296-887C-676850713B22}.Release|x86.Build.0 = Release|Win32
		{9FFACF82-AC0E-4DCB-9FC3-3E747CAD8B5B}.Debug|x64.ActiveCfg = Debug|x64
		{9FFACF82-AC0E-4DCB-9FC3-3E747CAD8B5B}.Debug|x64.Build.0 = Debug|x64
		{9FFACF82-AC0E-4DCB-9FC3-3E747CAD8B5B}.Debug|x86.ActiveCfg = Debug|Win32
		{9FFACF82-AC0E-4DCB-9FC3-3E747CAD8B5B}.Debug|x86.Build.0 = Debug|Win32
		{9FFACF82-AC0E-4DCB-9FC3-3E747CAD8B5B}.Release|x64.ActiveCfg = Release|x64
		{9FFACF82-AC0E-4DCB-9FC3-3E747CAD8B5B}.Release|x64.Build.0 = Release|x64
		{9FFACF82-AC0E-4DCB-9FC3-3E747CAD8B5B}.Release|x86.ActiveCfg = Release|Win32
		{9FFACF82-AC0E-4DCB-9FC3-3E747CAD8B5B}.Release|x86.Build.0 = Release|Win32
		{5EE3D4D4-6551-42E5-8B7C-CD60DEF7A0F1}.Debug|x64.ActiveCfg = Debug|x64
		{5EE3D4D4-6551-42E5-8B7C-CD60DEF7A0F1}.Debug|x64.Build.0 = Debug|x64
		{5EE3D4D4-6551-42E5-8B7C-CD60DEF7A0F1}.Debug|x86.ActiveCfg = Debug|Win32
		{5EE3D4D4-6551-42E5-8B7C-CD60DEF7A0F1}.Debug|x86.Build.0 = Debug|Win32
		{5EE3D4D4-6551-42E5-8B7C-CD60DEF7A0F1}.Release|x64.ActiveCfg = Release|x64
		{5EE3D4D4-6551-42E5-8B7C-CD60DEF7A0F1}.Release|x64.Build.0 = Release|x64
		{5EE3D4D4-6551-42E5-8B7C-CD60DEF7A0F1}.Release|x86.ActiveCfg = Release|Win32
		{5EE3D4D4-6551-42E5-8B7C-CD60DEF7A0F1}.Release|x86.Build.0 = Release|Win32
		{B226958A-45FE-4619-A693-551ADE6A6502}.Debug|x64.ActiveCfg = Debug|x64
		{B226958A-45FE-4619-A693-551ADE6A6502}.Debug|x64.Build.0 = Debug|x64
		{B226958A-45FE-4619-A693-551ADE6A6502}.Debug|x86.ActiveCfg = Debug|Win32
		{B226958A-45FE-4619-A693-551ADE6A6502}.Debug|x86.Build.0 = Debug|Win32
		{B226958A-45FE-4619-A693-551ADE6A6502}.Release|x64.ActiveCfg = Release|x64
		{B226958A-45FE-4619-A693-551ADE6A6502}.Release|x64.Build.0 = Release|x64
		{B226958A-45FE-4619-A693-551ADE6A6502}.Release|x86.ActiveCfg = Release|Win32
		{B226958A-45FE-4619-A693-551ADE6A6502}.Release|x86.Build.0 = Release|Win32
		{29FC0869-2414-4CB7-A545-4537FB8CC154}.Debug|x64.ActiveCfg = Debug|x64
		{29FC0869-2414-4CB7-A545-4537FB8CC154}.Debug|x64.Build.0 = Debug|x64
		{29FC0869-2414-4CB7-A545-4537FB8CC154}.Debug|x86.ActiveCfg = Debug|Win32
		{29FC0869-2414-4CB7-A545-4537FB8CC154}.Debug|x86.Build.0 = Debug|Win32
		{29FC0869-2414-4CB7-A545-4537FB8CC154}.Release|x64.ActiveCfg = Release|x64
		{29FC0869-2414-4CB7-A545-4537FB8CC154}.Release|x64.Build.0 = Release|x64
		{29FC0869-2414-4CB7-A545-4537FB8CC154}.Release|x86.ActiveCfg = Release|Win32
		{29FC0869-2414-4CB7-A545-4537FB8CC154}.Release|x86.Build.0 = Release|Win32
		{A772A168-0717-4A78-BF1F-569AC2382F31}.Debug|x64.ActiveCfg = Debug|x64
		{A772A168-0717-4A78-BF1F-569AC2382F31}.Debug|x64.Build.0 = Debug|x64
		{A772A168-0717-4A78-BF1F-569AC2382F31}.Debug|x86.ActiveCfg = Debug|Win32
		{A772A168-0717-4A78-BF1F-569AC2382F31}.Debug|x86.Build.0 = Debug|Win32
		{A772A168-0717-4A78-BF1F-569AC2382F31}.Release|x64.ActiveCfg = Release|x64
		{A772A168-0717-4A78-BF1F-569AC2382F31}.Release|x64.Build.0 = Release|x64
		{A772A168-0717-4A78-BF1F-569AC2382F31}.Release|x86.ActiveCfg = Release|Win32
		{A772A168-0717-4A78-BF1F-569AC2382F31}.Release|x86.Build.0 = Release|Win32
		{ED37EA20-61C2-41FD-A774-A431E985039F}.Debug|x64.ActiveCfg = Debug|x64
		{ED37EA20-61C2-41FD-A774-A431E985039F}.Debug|x64.Build.0 = Debug|x64
		{ED37EA20-61C2-41FD-A774-A431E985039F}.Debug|x86.ActiveCfg = Debug|Win32
		{ED37EA20-61C2-41FD-A774-A431E985039F}.Debug|x86.Build.0 = Debug|Win32
		{ED37EA20-61C2-41FD-A774-A431E985039F}.Release|x64.ActiveCfg = Release|x64
		{ED37EA20-61C2-41FD-A774-A431E985039F}.Release|x64.Build.0 = Release|x64
		{ED37EA20-61C2-41FD-A774-A431E985039F}.Release|x86.ActiveCfg = Release|Win32
		{ED37EA20-61C2-41FD-A774-A431E985039F}.Release|x86.Build.0 = Release|Win32
		{746E93BB-29EF-478A-90C5-FC763835FE07}.Debug|x64.ActiveCfg = Debug|x64
		{746E93BB-29EF-478A-90C5-FC763835FE07}.Debug|x64.Build.0 = Debug|x64
		{746E93BB-29EF-478A-90C5-FC763835FE07}.Debug|x86.ActiveCfg = Debug|Win32
		{746E93BB-29EF-478A-90C5-FC763835FE07}.Debug|x86.Build.0 = Debug|Win32
		{746E93BB-29EF-478A-90C5-FC763835FE07}.Release|x64.ActiveCfg = Release|x64
		{746E93BB-29EF-478A-90C5-FC763835FE07}.Release|x64.Build.0 = Release|x64
		{746E93BB-29EF-478A-90C5-FC763835FE07}.Release|x86.ActiveCfg = Release|Win32
		{746E93BB-29EF-478A-90C5-FC763835FE07}.Release|x86.Build.0 = Release|Win32
		{6C2F3C44-4C79-49BD-919A-B9A5E5CDE7D7}.Debug|x64.ActiveCfg = Debug|x64
		{6C2F3C44-4C79-49BD-919A-B9A5E5CDE7D7}.Debug|x64.Build.0 = Debug|x64
		{6C2F3C44-4C79-49BD-919A-B9A5E5CDE7D7}.Debug|x86.ActiveCfg = Debug|Win32
		{6C2F3C44-4C79-49BD-919A-B9A5E5CDE7D7}.Debug|x86.Build.0 = Debug|Win32
		{6C2F3C44-4C79-49BD-919A-B9A5E5CDE7D7}.Release|x64.ActiveCfg = Release|x64
		{6C2F3C44-4C79-49BD-919A-B9A5E5CDE7D7}.Release|x64.Build.0 = Release|x64
		{6C2F3C44-4C79-49BD-919A-B9A5E5CDE7D7}.Release|x86.ActiveCfg = Release|Win32
		{6C2F3C44-4C79-49BD-919A-B9A5E5CDE7D7}.Release|x86.Build.0 = Release|Win32
		{A03E6E85-B66A-4710-B704-8C9990090804}.Debug|x64.ActiveCfg = Debug|x64
		{A03E6E85-B66A-4710-B704-8C9990090804}.Debug|x64.Build.0 = Debug|x64
		{A03E6E85-B66A-4710-B704-8C9990090804}.Debug|x86.ActiveCfg = Debug|Win32
		{A03E6E85-B66A-4710-B704-8C9990090804}.Debug|x86.Build.0 = Debug|Win32
		{A03E6E85-B66A-4710-B704-8C9990090804}.Release|x64.ActiveCfg = Release|x64
		{A03E6E85-B66A-4710-B704-8C9990090804}.Release|x64.Build.0 = Release|x64
		{A03E6E85-B66A-4710-B704-8C9990090804}.Release|x86.ActiveCfg = Release|Win32
		{A03E6E85-B66A-4710-B704-8C9990090804}.Release|x86.Build.0 = Release|Win32
		{63BA3FF1-F2A3-486F-9ACA-ECD90CE12272}.Debug|x64.ActiveCfg = Debug|x64
		{63BA3FF1-F2A3-486F-9ACA-ECD90CE12272}.Debug|x64.Build.0 = Debug|x64
		{63BA3FF1-F2A3-486F-9ACA-ECD90CE12272}.Debug|x86.ActiveCfg = Debug|Win32
		{63BA3FF1-F2A3-486F-9ACA-ECD90CE12272}.Debug|x86.Build.0 = Debug|Win32
		{63BA3FF1-F2A3-486F-9ACA-ECD90CE12272}.Release|x64.ActiveCfg = Release|x64
		{63BA3FF1-F2A3-486F-9ACA-ECD90CE12272}.Release|x64.Build.0 = Release|x64
		{63BA3FF1-F2A3-486F-9ACA-ECD90CE12272}.Release|x86.ActiveCfg = Release|Win32
		{63BA3FF1-F2A3-486F-9ACA-ECD90CE12272}.Release|x86.Build.0 = Release|Win32
	EndGlobalSection
	GlobalSection(SolutionProperties) = preSolution
		HideSolutionNode = FALSE
	EndGlobalSection
	GlobalSection(ExtensibilityGlobals) = postSolution
		SolutionGuid = {C3FB4B8B-731D-4F41-81AE-6EA7756F190D}
	EndGlobalSection
EndGlobal
